// !$*UTF8*$!
{
	archiveVersion = 1;
	classes = {
	};
	objectVersion = 77;
	objects = {

/* Begin PBXBuildFile section */
		98EB52642E89045700AC749B /* QuickLook.framework in Frameworks */ = {isa = PBXBuildFile; fileRef = 98EB523E2E89042C00AC749B /* QuickLook.framework */; };
		98EB52702E89045700AC749B /* CustomQLPreviewProvider.appex in Embed Foundation Extensions */ = {isa = PBXBuildFile; fileRef = 98EB52632E89045700AC749B /* CustomQLPreviewProvider.appex */; settings = {ATTRIBUTES = (RemoveHeadersOnCopy, ); }; };
		98EB52812E89F6D600AC749B /* QuickLookThumbnailing.framework in Frameworks */ = {isa = PBXBuildFile; fileRef = 98EB52802E89F6D600AC749B /* QuickLookThumbnailing.framework */; };
		98EB52882E89F6D600AC749B /* CustomQLThumbnailProvider.appex in Embed Foundation Extensions */ = {isa = PBXBuildFile; fileRef = 98EB527F2E89F6D600AC749B /* CustomQLThumbnailProvider.appex */; settings = {ATTRIBUTES = (RemoveHeadersOnCopy, ); }; };
		D2BAB4C52F29FC400073336A /* PFR1MetadataImporter.appex in Embed Foundation Extensions */ = {isa = PBXBuildFile; fileRef = D2BAB4BE2F29FC400073336A /* PFR1MetadataImporter.appex */; settings = {ATTRIBUTES = (RemoveHeadersOnCopy, ); }; };
/* End PBXBuildFile section */

/* Begin PBXContainerItemProxy section */
		98EB526E2E89045700AC749B /* PBXContainerItemProxy */ = {
			isa = PBXContainerItemProxy;
			containerPortal = 98EB521C2E89039800AC749B /* Project object */;
			proxyType = 1;
			remoteGlobalIDString = 98EB52622E89045700AC749B;
			remoteInfo = CustomQLPreviewProvider;
		};
		98EB52862E89F6D600AC749B /* PBXContainerItemProxy */ = {
			isa = PBXContainerItemProxy;
			containerPortal = 98EB521C2E89039800AC749B /* Project object */;
			proxyType = 1;
			remoteGlobalIDString = 98EB527E2E89F6D600AC749B;
			remoteInfo = CustomQLThumnailProvider;
		};
		D2BAB4C32F29FC400073336A /* PBXContainerItemProxy */ = {
			isa = PBXContainerItemProxy;
			containerPortal = 98EB521C2E89039800AC749B /* Project object */;
			proxyType = 1;
			remoteGlobalIDString = D2BAB4BD2F29FC400073336A;
			remoteInfo = PFR1MetadataImporter;
		};
/* End PBXContainerItemProxy section */

/* Begin PBXCopyFilesBuildPhase section */
		98EB52502E89042C00AC749B /* Embed Foundation Extensions */ = {
			isa = PBXCopyFilesBuildPhase;
			buildActionMask = 2147483647;
			dstPath = "";
			dstSubfolderSpec = 13;
			files = (
				98EB52702E89045700AC749B /* CustomQLPreviewProvider.appex in Embed Foundation Extensions */,
				98EB52882E89F6D600AC749B /* CustomQLThumbnailProvider.appex in Embed Foundation Extensions */,
				D2BAB4C52F29FC400073336A /* PFR1MetadataImporter.appex in Embed Foundation Extensions */,
			);
			name = "Embed Foundation Extensions";
			runOnlyForDeploymentPostprocessing = 0;
		};
/* End PBXCopyFilesBuildPhase section */

/* Begin PBXFileReference section */
		98EB52242E89039800AC749B /* PFR1 QuickLook.app */ = {isa = PBXFileReference; explicitFileType = wrapper.application; includeInIndex = 0; path = "PFR1 QuickLook.app"; sourceTree = BUILT_PRODUCTS_DIR; };
		98EB523E2E89042C00AC749B /* QuickLook.framework */ = {isa = PBXFileReference; lastKnownFileType = wrapper.framework; name = QuickLook.framework; path = System/Library/Frameworks/QuickLook.framework; sourceTree = SDKROOT; };
		98EB52632E89045700AC749B /* CustomQLPreviewProvider.appex */ = {isa = PBXFileReference; explicitFileType = "wrapper.app-extension"; includeInIndex = 0; path = CustomQLPreviewProvider.appex; sourceTree = BUILT_PRODUCTS_DIR; };
		98EB527F2E89F6D600AC749B /* CustomQLThumbnailProvider.appex */ = {isa = PBXFileReference; explicitFileType = "wrapper.app-extension"; includeInIndex = 0; path = CustomQLThumbnailProvider.appex; sourceTree = BUILT_PRODUCTS_DIR; };
		98EB52802E89F6D600AC749B /* QuickLookThumbnailing.framework */ = {isa = PBXFileReference; lastKnownFileType = wrapper.framework; name = QuickLookThumbnailing.framework; path = System/Library/Frameworks/QuickLookThumbnailing.framework; sourceTree = SDKROOT; };
		D2BAB4BE2F29FC400073336A /* PFR1MetadataImporter.appex */ = {isa = PBXFileReference; explicitFileType = "wrapper.app-extension"; includeInIndex = 0; path = PFR1MetadataImporter.appex; sourceTree = BUILT_PRODUCTS_DIR; };
/* End PBXFileReference section */

/* Begin PBXFileSystemSynchronizedBuildFileExceptionSet section */
		98EB52712E89045700AC749B /* Exceptions for "CustomQLPreviewProvider" folder in "CustomQLPreviewProvider" target */ = {
			isa = PBXFileSystemSynchronizedBuildFileExceptionSet;
			membershipExceptions = (
				Info.plist,
			);
			target = 98EB52622E89045700AC749B /* CustomQLPreviewProvider */;
		};
		98EB52762E8904EA00AC749B /* Exceptions for "QuickLookDemo" folder in "QuickLookDemo" target */ = {
			isa = PBXFileSystemSynchronizedBuildFileExceptionSet;
			membershipExceptions = (
				Info.plist,
			);
			target = 98EB52232E89039800AC749B /* QuickLookDemo */;
		};
		98EB528C2E89F6D600AC749B /* Exceptions for "CustomQLThumbnailProvider" folder in "CustomQLThumbnailProvider" target */ = {
			isa = PBXFileSystemSynchronizedBuildFileExceptionSet;
			membershipExceptions = (
				Info.plist,
			);
			target = 98EB527E2E89F6D600AC749B /* CustomQLThumbnailProvider */;
		};
		D2BAB4B82F29EDE90073336A /* Exceptions for "CustomQLPreviewProvider" folder in "QuickLookDemo" target */ = {
			isa = PBXFileSystemSynchronizedBuildFileExceptionSet;
			membershipExceptions = (
				PFR1Decoder.swift,
			);
			target = 98EB52232E89039800AC749B /* QuickLookDemo */;
		};
		D2BAB4B92F29EDE90073336A /* Exceptions for "CustomQLPreviewProvider" folder in "CustomQLThumbnailProvider" target */ = {
			isa = PBXFileSystemSynchronizedBuildFileExceptionSet;
			membershipExceptions = (
				PFR1Decoder.swift,
			);
			target = 98EB527E2E89F6D600AC749B /* CustomQLThumbnailProvider */;
		};
		D2BAB4C92F29FC400073336A /* Exceptions for "PFR1MetadataImporter" folder in "PFR1MetadataImporter" target */ = {
			isa = PBXFileSystemSynchronizedBuildFileExceptionSet;
			membershipExceptions = (
				Info.plist,
			);
			target = D2BAB4BD2F29FC400073336A /* PFR1MetadataImporter */;
		};
		D2BAB4CD2F2A002A0073336A /* Exceptions for "CustomQLPreviewProvider" folder in "PFR1MetadataImporter" target */ = {
			isa = PBXFileSystemSynchronizedBuildFileExceptionSet;
			membershipExceptions = (
				PFR1Decoder.swift,
			);
			target = D2BAB4BD2F29FC400073336A /* PFR1MetadataImporter */;
		};
/* End PBXFileSystemSynchronizedBuildFileExceptionSet section */

/* Begin PBXFileSystemSynchronizedRootGroup section */
		98EB52262E89039800AC749B /* QuickLookDemo */ = {
			isa = PBXFileSystemSynchronizedRootGroup;
			exceptions = (
				98EB52762E8904EA00AC749B /* Exceptions for "QuickLookDemo" folder in "QuickLookDemo" target */,
			);
			path = QuickLookDemo;
			sourceTree = "<group>";
		};
		98EB52652E89045700AC749B /* CustomQLPreviewProvider */ = {
			isa = PBXFileSystemSynchronizedRootGroup;
			exceptions = (
				D2BAB4B82F29EDE90073336A /* Exceptions for "CustomQLPreviewProvider" folder in "QuickLookDemo" target */,
				98EB52712E89045700AC749B /* Exceptions for "CustomQLPreviewProvider" folder in "CustomQLPreviewProvider" target */,
				D2BAB4B92F29EDE90073336A /* Exceptions for "CustomQLPreviewProvider" folder in "CustomQLThumbnailProvider" target */,
				D2BAB4CD2F2A002A0073336A /* Exceptions for "CustomQLPreviewProvider" folder in "PFR1MetadataImporter" target */,
			);
			path = CustomQLPreviewProvider;
			sourceTree = "<group>";
		};
		98EB52822E89F6D600AC749B /* CustomQLThumbnailProvider */ = {
			isa = PBXFileSystemSynchronizedRootGroup;
			exceptions = (
				98EB528C2E89F6D600AC749B /* Exceptions for "CustomQLThumbnailProvider" folder in "CustomQLThumbnailProvider" target */,
			);
			path = CustomQLThumbnailProvider;
			sourceTree = "<group>";
		};
		D2BAB4BF2F29FC400073336A /* PFR1MetadataImporter */ = {
			isa = PBXFileSystemSynchronizedRootGroup;
			exceptions = (
				D2BAB4C92F29FC400073336A /* Exceptions for "PFR1MetadataImporter" folder in "PFR1MetadataImporter" target */,
			);
			path = PFR1MetadataImporter;
			sourceTree = "<group>";
		};
/* End PBXFileSystemSynchronizedRootGroup section */

/* Begin PBXFrameworksBuildPhase section */
		98EB52212E89039800AC749B /* Frameworks */ = {
			isa = PBXFrameworksBuildPhase;
			buildActionMask = 2147483647;
			files = (
			);
			runOnlyForDeploymentPostprocessing = 0;
		};
		98EB52602E89045700AC749B /* Frameworks */ = {
			isa = PBXFrameworksBuildPhase;
			buildActionMask = 2147483647;
			files = (
				98EB52642E89045700AC749B /* QuickLook.framework in Frameworks */,
			);
			runOnlyForDeploymentPostprocessing = 0;
		};
		98EB527C2E89F6D600AC749B /* Frameworks */ = {
			isa = PBXFrameworksBuildPhase;
			buildActionMask = 2147483647;
			files = (
				98EB52812E89F6D600AC749B /* QuickLookThumbnailing.framework in Frameworks */,
			);
			runOnlyForDeploymentPostprocessing = 0;
		};
		D2BAB4BB2F29FC400073336A /* Frameworks */ = {
			isa = PBXFrameworksBuildPhase;
			buildActionMask = 2147483647;
			files = (
			);
			runOnlyForDeploymentPostprocessing = 0;
		};
/* End PBXFrameworksBuildPhase section */

/* Begin PBXGroup section */
		98EB521B2E89039800AC749B = {
			isa = PBXGroup;
			children = (
				98EB52262E89039800AC749B /* QuickLookDemo */,
				98EB52652E89045700AC749B /* CustomQLPreviewProvider */,
				98EB52822E89F6D600AC749B /* CustomQLThumbnailProvider */,
				D2BAB4BF2F29FC400073336A /* PFR1MetadataImporter */,
				98EB523D2E89042C00AC749B /* Frameworks */,
				98EB52252E89039800AC749B /* Products */,
			);
			sourceTree = "<group>";
		};
		98EB52252E89039800AC749B /* Products */ = {
			isa = PBXGroup;
			children = (
				98EB52242E89039800AC749B /* PFR1 QuickLook.app */,
				98EB52632E89045700AC749B /* CustomQLPreviewProvider.appex */,
				98EB527F2E89F6D600AC749B /* CustomQLThumbnailProvider.appex */,
				D2BAB4BE2F29FC400073336A /* PFR1MetadataImporter.appex */,
			);
			name = Products;
			sourceTree = "<group>";
		};
		98EB523D2E89042C00AC749B /* Frameworks */ = {
			isa = PBXGroup;
			children = (
				98EB523E2E89042C00AC749B /* QuickLook.framework */,
				98EB52802E89F6D600AC749B /* QuickLookThumbnailing.framework */,
			);
			name = Frameworks;
			sourceTree = "<group>";
		};
/* End PBXGroup section */

/* Begin PBXNativeTarget section */
		98EB52232E89039800AC749B /* QuickLookDemo */ = {
			isa = PBXNativeTarget;
			buildConfigurationList = 98EB522F2E89039800AC749B /* Build configuration list for PBXNativeTarget "QuickLookDemo" */;
			buildPhases = (
				98EB52202E89039800AC749B /* Sources */,
				98EB52212E89039800AC749B /* Frameworks */,
				98EB52222E89039800AC749B /* Resources */,
				98EB52502E89042C00AC749B /* Embed Foundation Extensions */,
			);
			buildRules = (
			);
			dependencies = (
				98EB526F2E89045700AC749B /* PBXTargetDependency */,
				98EB52872E89F6D600AC749B /* PBXTargetDependency */,
				D2BAB4C42F29FC400073336A /* PBXTargetDependency */,
			);
			fileSystemSynchronizedGroups = (
				98EB52262E89039800AC749B /* QuickLookDemo */,
			);
			name = QuickLookDemo;
			packageProductDependencies = (
			);
			productName = QuickLookDemo;
			productReference = 98EB52242E89039800AC749B /* PFR1 QuickLook.app */;
			productType = "com.apple.product-type.application";
		};
		98EB52622E89045700AC749B /* CustomQLPreviewProvider */ = {
			isa = PBXNativeTarget;
			buildConfigurationList = 98EB52722E89045700AC749B /* Build configuration list for PBXNativeTarget "CustomQLPreviewProvider" */;
			buildPhases = (
				98EB525F2E89045700AC749B /* Sources */,
				98EB52602E89045700AC749B /* Frameworks */,
				98EB52612E89045700AC749B /* Resources */,
			);
			buildRules = (
			);
			dependencies = (
			);
			fileSystemSynchronizedGroups = (
				98EB52652E89045700AC749B /* CustomQLPreviewProvider */,
			);
			name = CustomQLPreviewProvider;
			packageProductDependencies = (
			);
			productName = CustomQLPreviewProvider;
			productReference = 98EB52632E89045700AC749B /* CustomQLPreviewProvider.appex */;
			productType = "com.apple.product-type.app-extension";
		};
		98EB527E2E89F6D600AC749B /* CustomQLThumbnailProvider */ = {
			isa = PBXNativeTarget;
			buildConfigurationList = 98EB52892E89F6D600AC749B /* Build configuration list for PBXNativeTarget "CustomQLThumbnailProvider" */;
			buildPhases = (
				98EB527B2E89F6D600AC749B /* Sources */,
				98EB527C2E89F6D600AC749B /* Frameworks */,
				98EB527D2E89F6D600AC749B /* Resources */,
			);
			buildRules = (
			);
			dependencies = (
			);
			fileSystemSynchronizedGroups = (
				98EB52822E89F6D600AC749B /* CustomQLThumbnailProvider */,
			);
			name = CustomQLThumbnailProvider;
			packageProductDependencies = (
			);
			productName = CustomQLThumnailProvider;
			productReference = 98EB527F2E89F6D600AC749B /* CustomQLThumbnailProvider.appex */;
			productType = "com.apple.product-type.app-extension";
		};
		D2BAB4BD2F29FC400073336A /* PFR1MetadataImporter */ = {
			isa = PBXNativeTarget;
			buildConfigurationList = D2BAB4C62F29FC400073336A /* Build configuration list for PBXNativeTarget "PFR1MetadataImporter" */;
			buildPhases = (
				D2BAB4BA2F29FC400073336A /* Sources */,
				D2BAB4BB2F29FC400073336A /* Frameworks */,
				D2BAB4BC2F29FC400073336A /* Resources */,
			);
			buildRules = (
			);
			dependencies = (
			);
			fileSystemSynchronizedGroups = (
				D2BAB4BF2F29FC400073336A /* PFR1MetadataImporter */,
			);
			name = PFR1MetadataImporter;
			packageProductDependencies = (
			);
			productName = PFR1MetadataImporter;
			productReference = D2BAB4BE2F29FC400073336A /* PFR1MetadataImporter.appex */;
			productType = "com.apple.product-type.app-extension";
		};
/* End PBXNativeTarget section */

/* Begin PBXProject section */
		98EB521C2E89039800AC749B /* Project object */ = {
			isa = PBXProject;
			attributes = {
				BuildIndependentTargetsInParallel = 1;
				LastSwiftUpdateCheck = 2620;
				LastUpgradeCheck = 2610;
				TargetAttributes = {
					98EB52232E89039800AC749B = {
						CreatedOnToolsVersion = 26.1;
					};
					98EB52622E89045700AC749B = {
						CreatedOnToolsVersion = 26.1;
					};
					98EB527E2E89F6D600AC749B = {
						CreatedOnToolsVersion = 26.1;
					};
					D2BAB4BD2F29FC400073336A = {
						CreatedOnToolsVersion = 26.2;
					};
				};
			};
			buildConfigurationList = 98EB521F2E89039800AC749B /* Build configuration list for PBXProject "QuickLookDemo" */;
			developmentRegion = en;
			hasScannedForEncodings = 0;
			knownRegions = (
				en,
				Base,
			);
			mainGroup = 98EB521B2E89039800AC749B;
			minimizedProjectReferenceProxies = 1;
			preferredProjectObjectVersion = 77;
			productRefGroup = 98EB52252E89039800AC749B /* Products */;
			projectDirPath = "";
			projectRoot = "";
			targets = (
				98EB52232E89039800AC749B /* QuickLookDemo */,
				98EB52622E89045700AC749B /* CustomQLPreviewProvider */,
				98EB527E2E89F6D600AC749B /* CustomQLThumbnailProvider */,
				D2BAB4BD2F29FC400073336A /* PFR1MetadataImporter */,
			);
		};
/* End PBXProject section */

/* Begin PBXResourcesBuildPhase section */
		98EB52222E89039800AC749B /* Resources */ = {
			isa = PBXResourcesBuildPhase;
			buildActionMask = 2147483647;
			files = (
			);
			runOnlyForDeploymentPostprocessing = 0;
		};
		98EB52612E89045700AC749B /* Resources */ = {
			isa = PBXResourcesBuildPhase;
			buildActionMask = 2147483647;
			files = (
			);
			runOnlyForDeploymentPostprocessing = 0;
		};
		98EB527D2E89F6D600AC749B /* Resources */ = {
			isa = PBXResourcesBuildPhase;
			buildActionMask = 2147483647;
			files = (
			);
			runOnlyForDeploymentPostprocessing = 0;
		};
		D2BAB4BC2F29FC400073336A /* Resources */ = {
			isa = PBXResourcesBuildPhase;
			buildActionMask = 2147483647;
			files = (
			);
			runOnlyForDeploymentPostprocessing = 0;
		};
/* End PBXResourcesBuildPhase section */

/* Begin PBXSourcesBuildPhase section */
		98EB52202E89039800AC749B /* Sources */ = {
			isa = PBXSourcesBuildPhase;
			buildActionMask = 2147483647;
			files = (
			);
			runOnlyForDeploymentPostprocessing = 0;
		};
		98EB525F2E89045700AC749B /* Sources */ = {
			isa = PBXSourcesBuildPhase;
			buildActionMask = 2147483647;
			files = (
			);
			runOnlyForDeploymentPostprocessing = 0;
		};
		98EB527B2E89F6D600AC749B /* Sources */ = {
			isa = PBXSourcesBuildPhase;
			buildActionMask = 2147483647;
			files = (
			);
			runOnlyForDeploymentPostprocessing = 0;
		};
		D2BAB4BA2F29FC400073336A /* Sources */ = {
			isa = PBXSourcesBuildPhase;
			buildActionMask = 2147483647;
			files = (
			);
			runOnlyForDeploymentPostprocessing = 0;
		};
/* End PBXSourcesBuildPhase section */

/* Begin PBXTargetDependency section */
		98EB526F2E89045700AC749B /* PBXTargetDependency */ = {
			isa = PBXTargetDependency;
			target = 98EB52622E89045700AC749B /* CustomQLPreviewProvider */;
			targetProxy = 98EB526E2E89045700AC749B /* PBXContainerItemProxy */;
		};
		98EB52872E89F6D600AC749B /* PBXTargetDependency */ = {
			isa = PBXTargetDependency;
			target = 98EB527E2E89F6D600AC749B /* CustomQLThumbnailProvider */;
			targetProxy = 98EB52862E89F6D600AC749B /* PBXContainerItemProxy */;
		};
		D2BAB4C42F29FC400073336A /* PBXTargetDependency */ = {
			isa = PBXTargetDependency;
			target = D2BAB4BD2F29FC400073336A /* PFR1MetadataImporter */;
			targetProxy = D2BAB4C32F29FC400073336A /* PBXContainerItemProxy */;
		};
/* End PBXTargetDependency section */

/* Begin XCBuildConfiguration section */
		98EB522D2E89039800AC749B /* Debug */ = {
			isa = XCBuildConfiguration;
			buildSettings = {
				ALWAYS_SEARCH_USER_PATHS = NO;
				ASSETCATALOG_COMPILER_GENERATE_SWIFT_ASSET_SYMBOL_EXTENSIONS = YES;
				CLANG_ANALYZER_NONNULL = YES;
				CLANG_ANALYZER_NUMBER_OBJECT_CONVERSION = YES_AGGRESSIVE;
				CLANG_CXX_LANGUAGE_STANDARD = "gnu++20";
				CLANG_ENABLE_MODULES = YES;
				CLANG_ENABLE_OBJC_ARC = YES;
				CLANG_ENABLE_OBJC_WEAK = YES;
				CLANG_WARN_BLOCK_CAPTURE_AUTORELEASING = YES;
				CLANG_WARN_BOOL_CONVERSION = YES;
				CLANG_WARN_COMMA = YES;
				CLANG_WARN_CONSTANT_CONVERSION = YES;
				CLANG_WARN_DEPRECATED_OBJC_IMPLEMENTATIONS = YES;
				CLANG_WARN_DIRECT_OBJC_ISA_USAGE = YES_ERROR;
				CLANG_WARN_DOCUMENTATION_COMMENTS = YES;
				CLANG_WARN_EMPTY_BODY = YES;
				CLANG_WARN_ENUM_CONVERSION = YES;
				CLANG_WARN_INFINITE_RECURSION = YES;
				CLANG_WARN_INT_CONVERSION = YES;
				CLANG_WARN_NON_LITERAL_NULL_CONVERSION = YES;
				CLANG_WARN_OBJC_IMPLICIT_RETAIN_SELF = YES;
				CLANG_WARN_OBJC_LITERAL_CONVERSION = YES;
				CLANG_WARN_OBJC_ROOT_CLASS = YES_ERROR;
				CLANG_WARN_QUOTED_INCLUDE_IN_FRAMEWORK_HEADER = YES;
				CLANG_WARN_RANGE_LOOP_ANALYSIS = YES;
				CLANG_WARN_STRICT_PROTOTYPES = YES;
				CLANG_WARN_SUSPICIOUS_MOVE = YES;
				CLANG_WARN_UNGUARDED_AVAILABILITY = YES_AGGRESSIVE;
				CLANG_WARN_UNREACHABLE_CODE = YES;
				CLANG_WARN__DUPLICATE_METHOD_MATCH = YES;
				COPY_PHASE_STRIP = NO;
				DEBUG_INFORMATION_FORMAT = dwarf;
				DEVELOPMENT_TEAM = NLTYK5T6U3;
				ENABLE_STRICT_OBJC_MSGSEND = YES;
				ENABLE_TESTABILITY = YES;
				ENABLE_USER_SCRIPT_SANDBOXING = YES;
				GCC_C_LANGUAGE_STANDARD = gnu17;
				GCC_DYNAMIC_NO_PIC = NO;
				GCC_NO_COMMON_BLOCKS = YES;
				GCC_OPTIMIZATION_LEVEL = 0;
				GCC_PREPROCESSOR_DEFINITIONS = (
					"DEBUG=1",
					"$(inherited)",
				);
				GCC_WARN_64_TO_32_BIT_CONVERSION = YES;
				GCC_WARN_ABOUT_RETURN_TYPE = YES_ERROR;
				GCC_WARN_UNDECLARED_SELECTOR = YES;
				GCC_WARN_UNINITIALIZED_AUTOS = YES_AGGRESSIVE;
				GCC_WARN_UNUSED_FUNCTION = YES;
				GCC_WARN_UNUSED_VARIABLE = YES;
				IPHONEOS_DEPLOYMENT_TARGET = 26.1;
				LOCALIZATION_PREFERS_STRING_CATALOGS = YES;
				MTL_ENABLE_DEBUG_INFO = INCLUDE_SOURCE;
				MTL_FAST_MATH = YES;
				ONLY_ACTIVE_ARCH = YES;
				PRODUCT_NAME = "PFR1 QuickLook";
				SDKROOT = macosx;
				SWIFT_ACTIVE_COMPILATION_CONDITIONS = "DEBUG $(inherited)";
				SWIFT_OPTIMIZATION_LEVEL = "-Onone";
			};
			name = Debug;
		};
		98EB522E2E89039800AC749B /* Release */ = {
			isa = XCBuildConfiguration;
			buildSettings = {
				ALWAYS_SEARCH_USER_PATHS = NO;
				ASSETCATALOG_COMPILER_GENERATE_SWIFT_ASSET_SYMBOL_EXTENSIONS = YES;
				CLANG_ANALYZER_NONNULL = YES;
				CLANG_ANALYZER_NUMBER_OBJECT_CONVERSION = YES_AGGRESSIVE;
				CLANG_CXX_LANGUAGE_STANDARD = "gnu++20";
				CLANG_ENABLE_MODULES = YES;
				CLANG_ENABLE_OBJC_ARC = YES;
				CLANG_ENABLE_OBJC_WEAK = YES;
				CLANG_WARN_BLOCK_CAPTURE_AUTORELEASING = YES;
				CLANG_WARN_BOOL_CONVERSION = YES;
				CLANG_WARN_COMMA = YES;
				CLANG_WARN_CONSTANT_CONVERSION = YES;
				CLANG_WARN_DEPRECATED_OBJC_IMPLEMENTATIONS = YES;
				CLANG_WARN_DIRECT_OBJC_ISA_USAGE = YES_ERROR;
				CLANG_WARN_DOCUMENTATION_COMMENTS = YES;
				CLANG_WARN_EMPTY_BODY = YES;
				CLANG_WARN_ENUM_CONVERSION = YES;
				CLANG_WARN_INFINITE_RECURSION = YES;
				CLANG_WARN_INT_CONVERSION = YES;
				CLANG_WARN_NON_LITERAL_NULL_CONVERSION = YES;
				CLANG_WARN_OBJC_IMPLICIT_RETAIN_SELF = YES;
				CLANG_WARN_OBJC_LITERAL_CONVERSION = YES;
				CLANG_WARN_OBJC_ROOT_CLASS = YES_ERROR;
				CLANG_WARN_QUOTED_INCLUDE_IN_FRAMEWORK_HEADER = YES;
				CLANG_WARN_RANGE_LOOP_ANALYSIS = YES;
				CLANG_WARN_STRICT_PROTOTYPES = YES;
				CLANG_WARN_SUSPICIOUS_MOVE = YES;
				CLANG_WARN_UNGUARDED_AVAILABILITY = YES_AGGRESSIVE;
				CLANG_WARN_UNREACHABLE_CODE = YES;
				CLANG_WARN__DUPLICATE_METHOD_MATCH = YES;
				COPY_PHASE_STRIP = NO;
				DEBUG_INFORMATION_FORMAT = "dwarf-with-dsym";
				DEVELOPMENT_TEAM = NLTYK5T6U3;
				ENABLE_NS_ASSERTIONS = NO;
				ENABLE_STRICT_OBJC_MSGSEND = YES;
				ENABLE_USER_SCRIPT_SANDBOXING = YES;
				GCC_C_LANGUAGE_STANDARD = gnu17;
				GCC_NO_COMMON_BLOCKS = YES;
				GCC_WARN_64_TO_32_BIT_CONVERSION = YES;
				GCC_WARN_ABOUT_RETURN_TYPE = YES_ERROR;
				GCC_WARN_UNDECLARED_SELECTOR = YES;
				GCC_WARN_UNINITIALIZED_AUTOS = YES_AGGRESSIVE;
				GCC_WARN_UNUSED_FUNCTION = YES;
				GCC_WARN_UNUSED_VARIABLE = YES;
				IPHONEOS_DEPLOYMENT_TARGET = 26.1;
				LOCALIZATION_PREFERS_STRING_CATALOGS = YES;
				MTL_ENABLE_DEBUG_INFO = NO;
				MTL_FAST_MATH = YES;
				PRODUCT_NAME = "PFR1 QuickLook";
				SDKROOT = macosx;
				SWIFT_COMPILATION_MODE = wholemodule;
				VALIDATE_PRODUCT = YES;
			};
			name = Release;
		};
		98EB52302E89039800AC749B /* Debug */ = {
			isa = XCBuildConfiguration;
			buildSettings = {
				ASSETCATALOG_COMPILER_APPICON_NAME = AppIcon;
				ASSETCATALOG_COMPILER_GLOBAL_ACCENT_COLOR_NAME = AccentColor;
				ASSETCATALOG_COMPILER_INCLUDE_ALL_APPICON_ASSETS = YES;
				CODE_SIGN_STYLE = Automatic;
				CURRENT_PROJECT_VERSION = 1;
				DEVELOPMENT_TEAM = CPT5JVCAGT;
				ENABLE_APP_SANDBOX = YES;
				ENABLE_HARDENED_RUNTIME = YES;
				ENABLE_OUTGOING_NETWORK_CONNECTIONS = YES;
				ENABLE_PREVIEWS = YES;
				GENERATE_INFOPLIST_FILE = YES;
				INFOPLIST_FILE = QuickLookDemo/Info.plist;
				INFOPLIST_KEY_LSApplicationCategoryType = "public.app-category.utilities";
				INFOPLIST_KEY_UIApplicationSceneManifest_Generation = YES;
				INFOPLIST_KEY_UIApplicationSupportsIndirectInputEvents = YES;
				INFOPLIST_KEY_UILaunchScreen_Generation = YES;
				INFOPLIST_KEY_UISupportedInterfaceOrientations_iPad = "UIInterfaceOrientationPortrait UIInterfaceOrientationPortraitUpsideDown UIInterfaceOrientationLandscapeLeft UIInterfaceOrientationLandscapeRight";
				INFOPLIST_KEY_UISupportedInterfaceOrientations_iPhone = "UIInterfaceOrientationPortrait UIInterfaceOrientationLandscapeLeft UIInterfaceOrientationLandscapeRight";
				LD_RUNPATH_SEARCH_PATHS = (
					"$(inherited)",
					"@executable_path/Frameworks",
				);
				MACOSX_DEPLOYMENT_TARGET = 15.6;
				MARKETING_VERSION = 1.0;
				PRODUCT_BUNDLE_IDENTIFIER = it.sephiroth.PFR1QuickLook;
				PRODUCT_NAME = "PFR1 QuickLook";
				REGISTER_APP_GROUPS = YES;
				STRING_CATALOG_GENERATE_SYMBOLS = YES;
				SUPPORTED_PLATFORMS = macosx;
				SUPPORTS_MACCATALYST = NO;
				SUPPORTS_MAC_DESIGNED_FOR_IPHONE_IPAD = NO;
				SUPPORTS_XR_DESIGNED_FOR_IPHONE_IPAD = NO;
				SWIFT_APPROACHABLE_CONCURRENCY = YES;
				SWIFT_DEFAULT_ACTOR_ISOLATION = MainActor;
				SWIFT_EMIT_LOC_STRINGS = YES;
				SWIFT_UPCOMING_FEATURE_MEMBER_IMPORT_VISIBILITY = YES;
				SWIFT_VERSION = 5.0;
			};
			name = Debug;
		};
		98EB52312E89039800AC749B /* Release */ = {
			isa = XCBuildConfiguration;
			buildSettings = {
				ASSETCATALOG_COMPILER_APPICON_NAME = AppIcon;
				ASSETCATALOG_COMPILER_GLOBAL_ACCENT_COLOR_NAME = AccentColor;
				ASSETCATALOG_COMPILER_INCLUDE_ALL_APPICON_ASSETS = YES;
				CODE_SIGN_STYLE = Automatic;
				CURRENT_PROJECT_VERSION = 1;
				DEVELOPMENT_TEAM = CPT5JVCAGT;
				ENABLE_APP_SANDBOX = YES;
				ENABLE_HARDENED_RUNTIME = YES;
				ENABLE_OUTGOING_NETWORK_CONNECTIONS = YES;
				ENABLE_PREVIEWS = YES;
				GENERATE_INFOPLIST_FILE = YES;
				INFOPLIST_FILE = QuickLookDemo/Info.plist;
				INFOPLIST_KEY_LSApplicationCategoryType = "public.app-category.utilities";
				INFOPLIST_KEY_UIApplicationSceneManifest_Generation = YES;
				INFOPLIST_KEY_UIApplicationSupportsIndirectInputEvents = YES;
				INFOPLIST_KEY_UILaunchScreen_Generation = YES;
				INFOPLIST_KEY_UISupportedInterfaceOrientations_iPad = "UIInterfaceOrientationPortrait UIInterfaceOrientationPortraitUpsideDown UIInterfaceOrientationLandscapeLeft UIInterfaceOrientationLandscapeRight";
				INFOPLIST_KEY_UISupportedInterfaceOrientations_iPhone = "UIInterfaceOrientationPortrait UIInterfaceOrientationLandscapeLeft UIInterfaceOrientationLandscapeRight";
				LD_RUNPATH_SEARCH_PATHS = (
					"$(inherited)",
					"@executable_path/Frameworks",
				);
				MACOSX_DEPLOYMENT_TARGET = 15.6;
				MARKETING_VERSION = 1.0;
				PRODUCT_BUNDLE_IDENTIFIER = it.sephiroth.PFR1QuickLook;
				PRODUCT_NAME = "PFR1 QuickLook";
				REGISTER_APP_GROUPS = YES;
				STRING_CATALOG_GENERATE_SYMBOLS = YES;
				SUPPORTED_PLATFORMS = macosx;
				SUPPORTS_MACCATALYST = NO;
				SUPPORTS_MAC_DESIGNED_FOR_IPHONE_IPAD = NO;
				SUPPORTS_XR_DESIGNED_FOR_IPHONE_IPAD = NO;
				SWIFT_APPROACHABLE_CONCURRENCY = YES;
				SWIFT_DEFAULT_ACTOR_ISOLATION = MainActor;
				SWIFT_EMIT_LOC_STRINGS = YES;
				SWIFT_UPCOMING_FEATURE_MEMBER_IMPORT_VISIBILITY = YES;
				SWIFT_VERSION = 5.0;
			};
			name = Release;
		};
		98EB52732E89045700AC749B /* Debug */ = {
			isa = XCBuildConfiguration;
			buildSettings = {
				CODE_SIGN_STYLE = Automatic;
				CURRENT_PROJECT_VERSION = 1;
				DEVELOPMENT_TEAM = CPT5JVCAGT;
				ENABLE_APP_SANDBOX = YES;
				ENABLE_HARDENED_RUNTIME = YES;
				ENABLE_OUTGOING_NETWORK_CONNECTIONS = YES;
				GENERATE_INFOPLIST_FILE = YES;
				INFOPLIST_FILE = CustomQLPreviewProvider/Info.plist;
				INFOPLIST_KEY_CFBundleDisplayName = CustomQLPreviewProvider;
				INFOPLIST_KEY_NSHumanReadableCopyright = "";
				LD_RUNPATH_SEARCH_PATHS = (
					"$(inherited)",
					"@executable_path/Frameworks",
					"@executable_path/../../Frameworks",
				);
				MACOSX_DEPLOYMENT_TARGET = 15.6;
				MARKETING_VERSION = 1.0;
				PRODUCT_BUNDLE_IDENTIFIER = it.sephiroth.PFR1QuickLook.CustomQLPreviewProvider;
				PRODUCT_NAME = "$(TARGET_NAME)";
				REGISTER_APP_GROUPS = YES;
				SKIP_INSTALL = YES;
				STRING_CATALOG_GENERATE_SYMBOLS = YES;
				SUPPORTED_PLATFORMS = macosx;
				SUPPORTS_MACCATALYST = NO;
				SUPPORTS_MAC_DESIGNED_FOR_IPHONE_IPAD = NO;
				SUPPORTS_XR_DESIGNED_FOR_IPHONE_IPAD = NO;
				SWIFT_APPROACHABLE_CONCURRENCY = YES;
				SWIFT_EMIT_LOC_STRINGS = YES;
				SWIFT_UPCOMING_FEATURE_MEMBER_IMPORT_VISIBILITY = YES;
				SWIFT_VERSION = 5.0;
			};
			name = Debug;
		};
		98EB52742E89045700AC749B /* Release */ = {
			isa = XCBuildConfiguration;
			buildSettings = {
				CODE_SIGN_STYLE = Automatic;
				CURRENT_PROJECT_VERSION = 1;
				DEVELOPMENT_TEAM = CPT5JVCAGT;
				GENERATE_INFOPLIST_FILE = YES;
				INFOPLIST_FILE = CustomQLPreviewProvider/Info.plist;
				INFOPLIST_KEY_CFBundleDisplayName = CustomQLPreviewProvider;
				INFOPLIST_KEY_NSHumanReadableCopyright = "";
				LD_RUNPATH_SEARCH_PATHS = (
					"$(inherited)",
					"@executable_path/Frameworks",
					"@executable_path/../../Frameworks",
				);
				MACOSX_DEPLOYMENT_TARGET = 15.6;
				MARKETING_VERSION = 1.0;
				PRODUCT_BUNDLE_IDENTIFIER = it.sephiroth.PFR1QuickLook.CustomQLPreviewProvider;
				PRODUCT_NAME = "$(TARGET_NAME)";
				SKIP_INSTALL = YES;
				STRING_CATALOG_GENERATE_SYMBOLS = YES;
				SUPPORTED_PLATFORMS = macosx;
				SUPPORTS_MACCATALYST = NO;
				SUPPORTS_MAC_DESIGNED_FOR_IPHONE_IPAD = NO;
				SUPPORTS_XR_DESIGNED_FOR_IPHONE_IPAD = NO;
				SWIFT_APPROACHABLE_CONCURRENCY = YES;
				SWIFT_EMIT_LOC_STRINGS = YES;
				SWIFT_UPCOMING_FEATURE_MEMBER_IMPORT_VISIBILITY = YES;
				SWIFT_VERSION = 5.0;
			};
			name = Release;
		};
		98EB528A2E89F6D600AC749B /* Debug */ = {
			isa = XCBuildConfiguration;
			buildSettings = {
				CODE_SIGN_STYLE = Automatic;
				CURRENT_PROJECT_VERSION = 1;
				DEVELOPMENT_TEAM = CPT5JVCAGT;
				ENABLE_APP_SANDBOX = YES;
				ENABLE_HARDENED_RUNTIME = YES;
				ENABLE_OUTGOING_NETWORK_CONNECTIONS = YES;
				GENERATE_INFOPLIST_FILE = YES;
				INFOPLIST_FILE = CustomQLThumbnailProvider/Info.plist;
				INFOPLIST_KEY_CFBundleDisplayName = CustomQLThumbnailProvider;
				INFOPLIST_KEY_NSHumanReadableCopyright = "";
				LD_RUNPATH_SEARCH_PATHS = (
					"$(inherited)",
					"@executable_path/Frameworks",
					"@executable_path/../../Frameworks",
				);
				MACOSX_DEPLOYMENT_TARGET = 15.6;
				MARKETING_VERSION = 1.0;
				PRODUCT_BUNDLE_IDENTIFIER = it.sephiroth.PFR1QuickLook.CustomQLThumbnailProvider;
				PRODUCT_NAME = "$(TARGET_NAME)";
				REGISTER_APP_GROUPS = YES;
				SKIP_INSTALL = YES;
				STRING_CATALOG_GENERATE_SYMBOLS = YES;
				SUPPORTED_PLATFORMS = macosx;
				SUPPORTS_MACCATALYST = NO;
				SUPPORTS_MAC_DESIGNED_FOR_IPHONE_IPAD = NO;
				SUPPORTS_XR_DESIGNED_FOR_IPHONE_IPAD = NO;
				SWIFT_APPROACHABLE_CONCURRENCY = YES;
				SWIFT_EMIT_LOC_STRINGS = YES;
				SWIFT_UPCOMING_FEATURE_MEMBER_IMPORT_VISIBILITY = YES;
				SWIFT_VERSION = 5.0;
			};
			name = Debug;
		};
		98EB528B2E89F6D600AC749B /* Release */ = {
			isa = XCBuildConfiguration;
			buildSettings = {
				CODE_SIGN_STYLE = Automatic;
				CURRENT_PROJECT_VERSION = 1;
				DEVELOPMENT_TEAM = CPT5JVCAGT;
				GENERATE_INFOPLIST_FILE = YES;
				INFOPLIST_FILE = CustomQLThumbnailProvider/Info.plist;
				INFOPLIST_KEY_CFBundleDisplayName = CustomQLThumbnailProvider;
				INFOPLIST_KEY_NSHumanReadableCopyright = "";
				LD_RUNPATH_SEARCH_PATHS = (
					"$(inherited)",
					"@executable_path/Frameworks",
					"@executable_path/../../Frameworks",
				);
				MACOSX_DEPLOYMENT_TARGET = 15.6;
				MARKETING_VERSION = 1.0;
				PRODUCT_BUNDLE_IDENTIFIER = it.sephiroth.PFR1QuickLook.CustomQLThumbnailProvider;
				PRODUCT_NAME = "$(TARGET_NAME)";
				SKIP_INSTALL = YES;
				STRING_CATALOG_GENERATE_SYMBOLS = YES;
				SUPPORTED_PLATFORMS = macosx;
				SUPPORTS_MACCATALYST = NO;
				SUPPORTS_MAC_DESIGNED_FOR_IPHONE_IPAD = NO;
				SUPPORTS_XR_DESIGNED_FOR_IPHONE_IPAD = NO;
				SWIFT_APPROACHABLE_CONCURRENCY = YES;
				SWIFT_EMIT_LOC_STRINGS = YES;
				SWIFT_UPCOMING_FEATURE_MEMBER_IMPORT_VISIBILITY = YES;
				SWIFT_VERSION = 5.0;
			};
			name = Release;
		};
		D2BAB4C72F29FC400073336A /* Debug */ = {
			isa = XCBuildConfiguration;
			buildSettings = {
				CODE_SIGN_STYLE = Automatic;
				CURRENT_PROJECT_VERSION = 1;
				DEVELOPMENT_TEAM = CPT5JVCAGT;
				ENABLE_APP_SANDBOX = YES;
				ENABLE_HARDENED_RUNTIME = YES;
				ENABLE_USER_SELECTED_FILES = readonly;
				GENERATE_INFOPLIST_FILE = YES;
				INFOPLIST_FILE = PFR1MetadataImporter/Info.plist;
				INFOPLIST_KEY_CFBundleDisplayName = PFR1MetadataImporter;
				INFOPLIST_KEY_NSHumanReadableCopyright = "";
				LD_RUNPATH_SEARCH_PATHS = (
					"$(inherited)",
					"@executable_path/../Frameworks",
					"@executable_path/../../../../Frameworks",
				);
				MACOSX_DEPLOYMENT_TARGET = 26.2;
				MARKETING_VERSION = 1.0;
				PRODUCT_BUNDLE_IDENTIFIER = it.sephiroth.PFR1QuickLook.PFR1MetadataImporter;
				PRODUCT_NAME = "$(TARGET_NAME)";
				SDKROOT = macosx;
				SKIP_INSTALL = YES;
				STRING_CATALOG_GENERATE_SYMBOLS = YES;
				SWIFT_APPROACHABLE_CONCURRENCY = YES;
				SWIFT_EMIT_LOC_STRINGS = YES;
				SWIFT_UPCOMING_FEATURE_MEMBER_IMPORT_VISIBILITY = YES;
				SWIFT_VERSION = 5.0;
			};
			name = Debug;
		};
		D2BAB4C82F29FC400073336A /* Release */ = {
			isa = XCBuildConfiguration;
			buildSettings = {
				CODE_SIGN_STYLE = Automatic;
				CURRENT_PROJECT_VERSION = 1;
				DEVELOPMENT_TEAM = CPT5JVCAGT;
				ENABLE_APP_SANDBOX = YES;
				ENABLE_HARDENED_RUNTIME = YES;
				ENABLE_USER_SELECTED_FILES = readonly;
				GENERATE_INFOPLIST_FILE = YES;
				INFOPLIST_FILE = PFR1MetadataImporter/Info.plist;
				INFOPLIST_KEY_CFBundleDisplayName = PFR1MetadataImporter;
				INFOPLIST_KEY_NSHumanReadableCopyright = "";
				LD_RUNPATH_SEARCH_PATHS = (
					"$(inherited)",
					"@executable_path/../Frameworks",
					"@executable_path/../../../../Frameworks",
				);
				MACOSX_DEPLOYMENT_TARGET = 26.2;
				MARKETING_VERSION = 1.0;
				PRODUCT_BUNDLE_IDENTIFIER = it.sephiroth.PFR1QuickLook.PFR1MetadataImporter;
				PRODUCT_NAME = "$(TARGET_NAME)";
				SDKROOT = macosx;
				SKIP_INSTALL = YES;
				STRING_CATALOG_GENERATE_SYMBOLS = YES;
				SWIFT_APPROACHABLE_CONCURRENCY = YES;
				SWIFT_EMIT_LOC_STRINGS = YES;
				SWIFT_UPCOMING_FEATURE_MEMBER_IMPORT_VISIBILITY = YES;
				SWIFT_VERSION = 5.0;
			};
			name = Release;
		};
/* End XCBuildConfiguration section */

/* Begin XCConfigurationList section */
		98EB521F2E89039800AC749B /* Build configuration list for PBXProject "QuickLookDemo" */ = {
			isa = XCConfigurationList;
			buildConfigurations = (
				98EB522D2E89039800AC749B /* Debug */,
				98EB522E2E89039800AC749B /* Release */,
			);
			defaultConfigurationIsVisible = 0;
			defaultConfigurationName = Release;
		};
		98EB522F2E89039800AC749B /* Build configuration list for PBXNativeTarget "QuickLookDemo" */ = {
			isa = XCConfigurationList;
			buildConfigurations = (
				98EB52302E89039800AC749B /* Debug */,
				98EB52312E89039800AC749B /* Release */,
			);
			defaultConfigurationIsVisible = 0;
			defaultConfigurationName = Release;
		};
		98EB52722E89045700AC749B /* Build configuration list for PBXNativeTarget "CustomQLPreviewProvider" */ = {
			isa = XCConfigurationList;
			buildConfigurations = (
				98EB52732E89045700AC749B /* Debug */,
				98EB52742E89045700AC749B /* Release */,
			);
			defaultConfigurationIsVisible = 0;
			defaultConfigurationName = Release;
		};
		98EB52892E89F6D600AC749B /* Build configuration list for PBXNativeTarget "CustomQLThumbnailProvider" */ = {
			isa = XCConfigurationList;
			buildConfigurations = (
				98EB528A2E89F6D600AC749B /* Debug */,
				98EB528B2E89F6D600AC749B /* Release */,
			);
			defaultConfigurationIsVisible = 0;
			defaultConfigurationName = Release;
		};
		D2BAB4C62F29FC400073336A /* Build configuration list for PBXNativeTarget "PFR1MetadataImporter" */ = {
			isa = XCConfigurationList;
			buildConfigurations = (
				D2BAB4C72F29FC400073336A /* Debug */,
				D2BAB4C82F29FC400073336A /* Release */,
			);
			defaultConfigurationIsVisible = 0;
			defaultConfigurationName = Release;
		};
/* End XCConfigurationList section */
	};
	rootObject = 98EB521C2E89039800AC749B /* Project object */;
}
